
Microsoft Visual Studio Solution File, Format Version 12.00
# Visual Studio Version 17
VisualStudioVersion = 17.8.34330.188
MinimumVisualStudioVersion = 10.0.40219.1
Project("{FAE04EC0-301F-11D3-BF4B-00C04F79EFBC}") = "Password_Generator", "Password_Generator\Password_Generator.csproj", "{64E794C0-A41F-4B93-97DE-AB4DB11563D7}"
EndProject
Global
	GlobalSection(SolutionConfigurationPlatforms) = preSolution
		Debug|Any CPU = Debug|Any CPU
		Release|Any CPU = Release|Any CPU
	EndGlobalSection
	GlobalSection(ProjectConfigurationPlatforms) = postSolution
		{64E794C0-A41F-4B93-97DE-AB4DB11563D7}.Debug|Any CPU.ActiveCfg = Debug|Any CPU
		{64E794C0-A41F-4B93-97DE-AB4DB11563D7}.Debug|Any CPU.Build.0 = Debug|Any CPU
		{64E794C0-A41F-4B93-97DE-AB4DB11563D7}.Release|Any CPU.ActiveCfg = Release|Any CPU
		{64E794C0-A41F-4B93-97DE-AB4DB11563D7}.Release|Any CPU.Build.0 = Release|Any CPU
	EndGlobalSection
	GlobalSection(SolutionProperties) = preSolution
		HideSolutionNode = FALSE
	EndGlobalSection
	GlobalSection(ExtensibilityGlobals) = postSolution
		SolutionGuid = {B752BD68-BC8D-46AB-89B6-344AB8A0C29D}
	EndGlobalSection
EndGlobal
